
Microsoft Visual Studio Solution File, Format Version 12.00
# Visual Studio Version 17
VisualStudioVersion = 17.2.32526.322
MinimumVisualStudioVersion = 10.0.40219.1
Project("{FAE04EC0-301F-11D3-BF4B-00C04F79EFBC}") = "MessagingApp", "MessagingApp\MessagingApp.csproj", "{0BCCDAF0-30A1-4A28-9F8A-94EE9FEB84B8}"
EndProject
Global
	GlobalSection(SolutionConfigurationPlatforms) = preSolution
		Debug|Any CPU = Debug|Any CPU
		Release|Any CPU = Release|Any CPU
	EndGlobalSection
	GlobalSection(ProjectConfigurationPlatforms) = postSolution
		{0BCCDAF0-30A1-4A28-9F8A-94EE9FEB84B8}.Debug|Any CPU.ActiveCfg = Debug|Any CPU
		{0BCCDAF0-30A1-4A28-9F8A-94EE9FEB84B8}.Debug|Any CPU.Build.0 = Debug|Any CPU
		{0BCCDAF0-30A1-4A28-9F8A-94EE9FEB84B8}.Release|Any CPU.ActiveCfg = Release|Any CPU
		{0BCCDAF0-30A1-4A28-9F8A-94EE9FEB84B8}.Release|Any CPU.Build.0 = Release|Any CPU
	EndGlobalSection
	GlobalSection(SolutionProperties) = preSolution
		HideSolutionNode = FALSE
	EndGlobalSection
	GlobalSection(ExtensibilityGlobals) = postSolution
		SolutionGuid = {164DDF24-5FB9-4CD0-86B6-9711CDF63EC2}
	EndGlobalSection
EndGlobal
